
Microsoft Visual Studio Solution File, Format Version 12.00
# Visual Studio Version 17
VisualStudioVersion = 17.12.35707.178
MinimumVisualStudioVersion = 10.0.40219.1
Project("{2150E333-8FDC-42A3-9474-1A3956D46DE8}") = "MicroServices", "MicroServices", "{E465181B-F482-42B9-9048-BABCDD47A0FB}"
EndProject
Project("{2150E333-8FDC-42A3-9474-1A3956D46DE8}") = "Domain", "Domain", "{69BC56AD-4F0C-4B17-86D6-1409FD3D5554}"
EndProject
Project("{2150E333-8FDC-42A3-9474-1A3956D46DE8}") = "Infra.Bus", "Infra.Bus", "{16CCA411-5967-4825-8917-E4350142C84A}"
EndProject
Project("{2150E333-8FDC-42A3-9474-1A3956D46DE8}") = "Infra.IoC", "Infra.IoC", "{DD9C784F-757A-4FFA-A6E5-42019768B822}"
EndProject
Project("{2150E333-8FDC-42A3-9474-1A3956D46DE8}") = "Presentation", "Presentation", "{941E4FFD-BF84-4DC2-BCC9-D27A150CB730}"
EndProject
Project("{FAE04EC0-301F-11D3-BF4B-00C04F79EFBC}") = "MicroRabbit.Domain.Core", "MicroRabbit.Domain.Core\MicroRabbit.Domain.Core.csproj", "{FC9959EF-A80A-44A6-A8BF-B8553B0CB557}"
EndProject
Project("{FAE04EC0-301F-11D3-BF4B-00C04F79EFBC}") = "MicroRabbit.Infra.Bus", "MicroRabbit.Infra.Bus\MicroRabbit.Infra.Bus.csproj", "{ECA0C06D-3BBE-41CA-B035-B3A3C7742014}"
EndProject
Project("{FAE04EC0-301F-11D3-BF4B-00C04F79EFBC}") = "MicroRabbit.Infra.IoC", "MicroRabbit.Infra.IoC\MicroRabbit.Infra.IoC.csproj", "{CD2D13D1-655D-41B1-AEAD-E0AB1A3A4A45}"
EndProject
Project("{2150E333-8FDC-42A3-9474-1A3956D46DE8}") = "Banking", "Banking", "{8FFE98B5-03FB-43E7-A18C-01F099EC0259}"
EndProject
Project("{2150E333-8FDC-42A3-9474-1A3956D46DE8}") = "API", "API", "{7464F44A-856C-4A31-BA3A-9BA413CA440B}"
EndProject
Project("{2150E333-8FDC-42A3-9474-1A3956D46DE8}") = "Domain", "Domain", "{15A7E892-177B-4155-B27A-1F1ECBF05B9F}"
EndProject
Project("{2150E333-8FDC-42A3-9474-1A3956D46DE8}") = "Application", "Application", "{E986B388-8407-474E-8F61-D1A8627BEB5D}"
EndProject
Project("{2150E333-8FDC-42A3-9474-1A3956D46DE8}") = "Data", "Data", "{7F655A0D-21F0-4D04-BF17-FA6BA2964F05}"
EndProject
Project("{FAE04EC0-301F-11D3-BF4B-00C04F79EFBC}") = "MicroRabbit.Banking.API", "MicroRabbit.Banking.API\MicroRabbit.Banking.API.csproj", "{18262720-A49F-4981-BE6F-CC1B1E26C44C}"
EndProject
Project("{FAE04EC0-301F-11D3-BF4B-00C04F79EFBC}") = "MicroRabbit.Banking.Application", "MicroRabbit.Banking.Application\MicroRabbit.Banking.Application.csproj", "{623DF600-D766-441D-8838-76D6D6480BCB}"
EndProject
Project("{FAE04EC0-301F-11D3-BF4B-00C04F79EFBC}") = "MicroRabbit.Banking.Data", "MicroRabbit.Banking.Data\MicroRabbit.Banking.Data.csproj", "{DE1DCCDA-366A-47EA-8B4A-2AB75C28A29C}"
EndProject
Project("{FAE04EC0-301F-11D3-BF4B-00C04F79EFBC}") = "MicroRabbit.Banking.Domain", "MicroRabbit.Banking.Domain\MicroRabbit.Banking.Domain.csproj", "{AABD3FE9-81C9-4256-8A64-E0F5B849F46C}"
EndProject
Global
	GlobalSection(SolutionConfigurationPlatforms) = preSolution
		Debug|Any CPU = Debug|Any CPU
		Release|Any CPU = Release|Any CPU
	EndGlobalSection
	GlobalSection(ProjectConfigurationPlatforms) = postSolution
		{FC9959EF-A80A-44A6-A8BF-B8553B0CB557}.Debug|Any CPU.ActiveCfg = Debug|Any CPU
		{FC9959EF-A80A-44A6-A8BF-B8553B0CB557}.Debug|Any CPU.Build.0 = Debug|Any CPU
		{FC9959EF-A80A-44A6-A8BF-B8553B0CB557}.Release|Any CPU.ActiveCfg = Release|Any CPU
		{FC9959EF-A80A-44A6-A8BF-B8553B0CB557}.Release|Any CPU.Build.0 = Release|Any CPU
		{ECA0C06D-3BBE-41CA-B035-B3A3C7742014}.Debug|Any CPU.ActiveCfg = Debug|Any CPU
		{ECA0C06D-3BBE-41CA-B035-B3A3C7742014}.Debug|Any CPU.Build.0 = Debug|Any CPU
		{ECA0C06D-3BBE-41CA-B035-B3A3C7742014}.Release|Any CPU.ActiveCfg = Release|Any CPU
		{ECA0C06D-3BBE-41CA-B035-B3A3C7742014}.Release|Any CPU.Build.0 = Release|Any CPU
		{CD2D13D1-655D-41B1-AEAD-E0AB1A3A4A45}.Debug|Any CPU.ActiveCfg = Debug|Any CPU
		{CD2D13D1-655D-41B1-AEAD-E0AB1A3A4A45}.Debug|Any CPU.Build.0 = Debug|Any CPU
		{CD2D13D1-655D-41B1-AEAD-E0AB1A3A4A45}.Release|Any CPU.ActiveCfg = Release|Any CPU
		{CD2D13D1-655D-41B1-AEAD-E0AB1A3A4A45}.Release|Any CPU.Build.0 = Release|Any CPU
		{18262720-A49F-4981-BE6F-CC1B1E26C44C}.Debug|Any CPU.ActiveCfg = Debug|Any CPU
		{18262720-A49F-4981-BE6F-CC1B1E26C44C}.Debug|Any CPU.Build.0 = Debug|Any CPU
		{18262720-A49F-4981-BE6F-CC1B1E26C44C}.Release|Any CPU.ActiveCfg = Release|Any CPU
		{18262720-A49F-4981-BE6F-CC1B1E26C44C}.Release|Any CPU.Build.0 = Release|Any CPU
		{623DF600-D766-441D-8838-76D6D6480BCB}.Debug|Any CPU.ActiveCfg = Debug|Any CPU
		{623DF600-D766-441D-8838-76D6D6480BCB}.Debug|Any CPU.Build.0 = Debug|Any CPU
		{623DF600-D766-441D-8838-76D6D6480BCB}.Release|Any CPU.ActiveCfg = Release|Any CPU
		{623DF600-D766-441D-8838-76D6D6480BCB}.Release|Any CPU.Build.0 = Release|Any CPU
		{DE1DCCDA-366A-47EA-8B4A-2AB75C28A29C}.Debug|Any CPU.ActiveCfg = Debug|Any CPU
		{DE1DCCDA-366A-47EA-8B4A-2AB75C28A29C}.Debug|Any CPU.Build.0 = Debug|Any CPU
		{DE1DCCDA-366A-47EA-8B4A-2AB75C28A29C}.Release|Any CPU.ActiveCfg = Release|Any CPU
		{DE1DCCDA-366A-47EA-8B4A-2AB75C28A29C}.Release|Any CPU.Build.0 = Release|Any CPU
		{AABD3FE9-81C9-4256-8A64-E0F5B849F46C}.Debug|Any CPU.ActiveCfg = Debug|Any CPU
		{AABD3FE9-81C9-4256-8A64-E0F5B849F46C}.Debug|Any CPU.Build.0 = Debug|Any CPU
		{AABD3FE9-81C9-4256-8A64-E0F5B849F46C}.Release|Any CPU.ActiveCfg = Release|Any CPU
		{AABD3FE9-81C9-4256-8A64-E0F5B849F46C}.Release|Any CPU.Build.0 = Release|Any CPU
	EndGlobalSection
	GlobalSection(SolutionProperties) = preSolution
		HideSolutionNode = FALSE
	EndGlobalSection
	GlobalSection(NestedProjects) = preSolution
		{FC9959EF-A80A-44A6-A8BF-B8553B0CB557} = {69BC56AD-4F0C-4B17-86D6-1409FD3D5554}
		{ECA0C06D-3BBE-41CA-B035-B3A3C7742014} = {16CCA411-5967-4825-8917-E4350142C84A}
		{CD2D13D1-655D-41B1-AEAD-E0AB1A3A4A45} = {DD9C784F-757A-4FFA-A6E5-42019768B822}
		{8FFE98B5-03FB-43E7-A18C-01F099EC0259} = {E465181B-F482-42B9-9048-BABCDD47A0FB}
		{7464F44A-856C-4A31-BA3A-9BA413CA440B} = {8FFE98B5-03FB-43E7-A18C-01F099EC0259}
		{15A7E892-177B-4155-B27A-1F1ECBF05B9F} = {8FFE98B5-03FB-43E7-A18C-01F099EC0259}
		{E986B388-8407-474E-8F61-D1A8627BEB5D} = {8FFE98B5-03FB-43E7-A18C-01F099EC0259}
		{7F655A0D-21F0-4D04-BF17-FA6BA2964F05} = {8FFE98B5-03FB-43E7-A18C-01F099EC0259}
		{18262720-A49F-4981-BE6F-CC1B1E26C44C} = {7464F44A-856C-4A31-BA3A-9BA413CA440B}
		{623DF600-D766-441D-8838-76D6D6480BCB} = {E986B388-8407-474E-8F61-D1A8627BEB5D}
		{DE1DCCDA-366A-47EA-8B4A-2AB75C28A29C} = {7F655A0D-21F0-4D04-BF17-FA6BA2964F05}
		{AABD3FE9-81C9-4256-8A64-E0F5B849F46C} = {15A7E892-177B-4155-B27A-1F1ECBF05B9F}
	EndGlobalSection
EndGlobal
